
Microsoft Visual Studio Solution File, Format Version 12.00
# Visual Studio Version 17
VisualStudioVersion = 17.9.34701.34
MinimumVisualStudioVersion = 10.0.40219.1
Project("{9A19103F-16F7-4668-BE54-9A1E7A4F7556}") = "GenericPagination", "GenericPagination\GenericPagination.csproj", "{72F24EDE-B143-459C-BB46-29FD3222C682}"
EndProject
Project("{9A19103F-16F7-4668-BE54-9A1E7A4F7556}") = "GenericPagination.Tests", "GenericPagination.Tests\GenericPagination.Tests.csproj", "{FDD92723-60F7-46F8-AA80-BE18AC0E418B}"
EndProject
Project("{9A19103F-16F7-4668-BE54-9A1E7A4F7556}") = "GenericPagination.TestAPI", "GenericPagination.TestAPI\GenericPagination.TestAPI.csproj", "{0CC2DDA0-2F89-4616-92D6-55675E52C4A7}"
EndProject
Project("{2150E333-8FDC-42A3-9474-1A3956D46DE8}") = "Solution Items", "Solution Items", "{28DF10DC-EE5B-4825-B34A-C52F92392E67}"
	ProjectSection(SolutionItems) = preProject
		LICENSE.md = LICENSE.md
	EndProjectSection
EndProject
Global
	GlobalSection(SolutionConfigurationPlatforms) = preSolution
		Debug|Any CPU = Debug|Any CPU
		Release|Any CPU = Release|Any CPU
	EndGlobalSection
	GlobalSection(ProjectConfigurationPlatforms) = postSolution
		{72F24EDE-B143-459C-BB46-29FD3222C682}.Debug|Any CPU.ActiveCfg = Debug|Any CPU
		{72F24EDE-B143-459C-BB46-29FD3222C682}.Debug|Any CPU.Build.0 = Debug|Any CPU
		{72F24EDE-B143-459C-BB46-29FD3222C682}.Release|Any CPU.ActiveCfg = Release|Any CPU
		{72F24EDE-B143-459C-BB46-29FD3222C682}.Release|Any CPU.Build.0 = Release|Any CPU
		{FDD92723-60F7-46F8-AA80-BE18AC0E418B}.Debug|Any CPU.ActiveCfg = Debug|Any CPU
		{FDD92723-60F7-46F8-AA80-BE18AC0E418B}.Debug|Any CPU.Build.0 = Debug|Any CPU
		{FDD92723-60F7-46F8-AA80-BE18AC0E418B}.Release|Any CPU.ActiveCfg = Release|Any CPU
		{FDD92723-60F7-46F8-AA80-BE18AC0E418B}.Release|Any CPU.Build.0 = Release|Any CPU
		{0CC2DDA0-2F89-4616-92D6-55675E52C4A7}.Debug|Any CPU.ActiveCfg = Debug|Any CPU
		{0CC2DDA0-2F89-4616-92D6-55675E52C4A7}.Debug|Any CPU.Build.0 = Debug|Any CPU
		{0CC2DDA0-2F89-4616-92D6-55675E52C4A7}.Release|Any CPU.ActiveCfg = Release|Any CPU
		{0CC2DDA0-2F89-4616-92D6-55675E52C4A7}.Release|Any CPU.Build.0 = Release|Any CPU
	EndGlobalSection
	GlobalSection(SolutionProperties) = preSolution
		HideSolutionNode = FALSE
	EndGlobalSection
	GlobalSection(ExtensibilityGlobals) = postSolution
		SolutionGuid = {E5C3EA05-02DC-46F4-872E-85F131640E18}
	EndGlobalSection
EndGlobal
